
Microsoft Visual Studio Solution File, Format Version 12.00
# Visual Studio Version 17
VisualStudioVersion = 17.5.33516.290
MinimumVisualStudioVersion = 10.0.40219.1
Project("{FAE04EC0-301F-11D3-BF4B-00C04F79EFBC}") = "DemoMVVM_2", "DemoMVVM_2.csproj", "{AD6382E3-74DC-4B5D-A885-25FCFC105B4A}"
EndProject
Global
	GlobalSection(SolutionConfigurationPlatforms) = preSolution
		Debug|Any CPU = Debug|Any CPU
		Release|Any CPU = Release|Any CPU
	EndGlobalSection
	GlobalSection(ProjectConfigurationPlatforms) = postSolution
		{AD6382E3-74DC-4B5D-A885-25FCFC105B4A}.Debug|Any CPU.ActiveCfg = Debug|Any CPU
		{AD6382E3-74DC-4B5D-A885-25FCFC105B4A}.Debug|Any CPU.Build.0 = Debug|Any CPU
		{AD6382E3-74DC-4B5D-A885-25FCFC105B4A}.Release|Any CPU.ActiveCfg = Release|Any CPU
		{AD6382E3-74DC-4B5D-A885-25FCFC105B4A}.Release|Any CPU.Build.0 = Release|Any CPU
	EndGlobalSection
	GlobalSection(SolutionProperties) = preSolution
		HideSolutionNode = FALSE
	EndGlobalSection
	GlobalSection(ExtensibilityGlobals) = postSolution
		SolutionGuid = {DF41C424-6C1F-429F-BA14-D1D8804CB215}
	EndGlobalSection
EndGlobal
